
Microsoft Visual Studio Solution File, Format Version 12.00
# Visual Studio Version 17
VisualStudioVersion = 17.3.32811.315
MinimumVisualStudioVersion = 10.0.40219.1
Project("{2150E333-8FDC-42A3-9474-1A3956D46DE8}") = "src", "src", "{A561F2AE-787D-4F8D-AD46-9FC7ACE73B12}"
EndProject
Project("{9A19103F-16F7-4668-BE54-9A1E7A4F7556}") = "Bleezing.Srv", "src\Bleezing.Srv\Bleezing.Srv.csproj", "{4E105EA9-DEB5-4CEA-8382-E41EDF4F12FD}"
EndProject
Global
	GlobalSection(SolutionConfigurationPlatforms) = preSolution
		Debug|Any CPU = Debug|Any CPU
		Release|Any CPU = Release|Any CPU
	EndGlobalSection
	GlobalSection(ProjectConfigurationPlatforms) = postSolution
		{4E105EA9-DEB5-4CEA-8382-E41EDF4F12FD}.Debug|Any CPU.ActiveCfg = Debug|Any CPU
		{4E105EA9-DEB5-4CEA-8382-E41EDF4F12FD}.Debug|Any CPU.Build.0 = Debug|Any CPU
		{4E105EA9-DEB5-4CEA-8382-E41EDF4F12FD}.Release|Any CPU.ActiveCfg = Release|Any CPU
		{4E105EA9-DEB5-4CEA-8382-E41EDF4F12FD}.Release|Any CPU.Build.0 = Release|Any CPU
	EndGlobalSection
	GlobalSection(SolutionProperties) = preSolution
		HideSolutionNode = FALSE
	EndGlobalSection
	GlobalSection(NestedProjects) = preSolution
		{4E105EA9-DEB5-4CEA-8382-E41EDF4F12FD} = {A561F2AE-787D-4F8D-AD46-9FC7ACE73B12}
	EndGlobalSection
	GlobalSection(ExtensibilityGlobals) = postSolution
		SolutionGuid = {F5C57A8C-68D5-4800-A3F6-C97AFE5DA094}
	EndGlobalSection
EndGlobal
